
Microsoft Visual Studio Solution File, Format Version 12.00
# Visual Studio Version 17
VisualStudioVersion = 17.6.33815.320
MinimumVisualStudioVersion = 10.0.40219.1
Project("{9A19103F-16F7-4668-BE54-9A1E7A4F7556}") = "Back-End_Challenge_20210221", "Back-End_Challenge_20210221\Back-End_Challenge_20210221.csproj", "{024F8194-3898-471E-9433-884A4C9042B6}"
EndProject
Global
	GlobalSection(SolutionConfigurationPlatforms) = preSolution
		Debug|Any CPU = Debug|Any CPU
		Release|Any CPU = Release|Any CPU
	EndGlobalSection
	GlobalSection(ProjectConfigurationPlatforms) = postSolution
		{024F8194-3898-471E-9433-884A4C9042B6}.Debug|Any CPU.ActiveCfg = Debug|Any CPU
		{024F8194-3898-471E-9433-884A4C9042B6}.Debug|Any CPU.Build.0 = Debug|Any CPU
		{024F8194-3898-471E-9433-884A4C9042B6}.Release|Any CPU.ActiveCfg = Release|Any CPU
		{024F8194-3898-471E-9433-884A4C9042B6}.Release|Any CPU.Build.0 = Release|Any CPU
	EndGlobalSection
	GlobalSection(SolutionProperties) = preSolution
		HideSolutionNode = FALSE
	EndGlobalSection
	GlobalSection(ExtensibilityGlobals) = postSolution
		SolutionGuid = {A20B738A-847E-46C6-A432-7594AE47B530}
	EndGlobalSection
EndGlobal
