
Microsoft Visual Studio Solution File, Format Version 12.00
# Visual Studio Version 17
VisualStudioVersion = 17.6.33815.320
MinimumVisualStudioVersion = 10.0.40219.1
Project("{9A19103F-16F7-4668-BE54-9A1E7A4F7556}") = "Back-End_Challenge_20210221", "Back-End_Challenge_20210221\Back-End_Challenge_20210221.csproj", "{024F8194-3898-471E-9433-884A4C9042B6}"
EndProject
Project("{9A19103F-16F7-4668-BE54-9A1E7A4F7556}") = "Back-End_Challenge_20210221.Tests", "Back-End_Challenge_20210221.Tests\Back-End_Challenge_20210221.Tests.csproj", "{041AB114-4C24-456B-83CB-31C1BA83BB8D}"
EndProject
Project("{2150E333-8FDC-42A3-9474-1A3956D46DE8}") = "Solution Items", "Solution Items", "{8A8C0E78-EA86-452F-B0E3-37AA3413EE8C}"
	ProjectSection(SolutionItems) = preProject
		.github\workflows\dotnet-cd.yml = .github\workflows\dotnet-cd.yml
		.github\workflows\dotnet-ci.yml = .github\workflows\dotnet-ci.yml
		readme.md = readme.md
	EndProjectSection
EndProject
Project("{E53339B2-1760-4266-BCC7-CA923CBCF16C}") = "docker-compose", "docker-compose.dcproj", "{FA53BCBA-B478-45D3-AEC8-A5346192D78B}"
EndProject
Global
	GlobalSection(SolutionConfigurationPlatforms) = preSolution
		Debug|Any CPU = Debug|Any CPU
		Release|Any CPU = Release|Any CPU
	EndGlobalSection
	GlobalSection(ProjectConfigurationPlatforms) = postSolution
		{024F8194-3898-471E-9433-884A4C9042B6}.Debug|Any CPU.ActiveCfg = Debug|Any CPU
		{024F8194-3898-471E-9433-884A4C9042B6}.Debug|Any CPU.Build.0 = Debug|Any CPU
		{024F8194-3898-471E-9433-884A4C9042B6}.Release|Any CPU.ActiveCfg = Release|Any CPU
		{024F8194-3898-471E-9433-884A4C9042B6}.Release|Any CPU.Build.0 = Release|Any CPU
		{041AB114-4C24-456B-83CB-31C1BA83BB8D}.Debug|Any CPU.ActiveCfg = Debug|Any CPU
		{041AB114-4C24-456B-83CB-31C1BA83BB8D}.Debug|Any CPU.Build.0 = Debug|Any CPU
		{041AB114-4C24-456B-83CB-31C1BA83BB8D}.Release|Any CPU.ActiveCfg = Release|Any CPU
		{041AB114-4C24-456B-83CB-31C1BA83BB8D}.Release|Any CPU.Build.0 = Release|Any CPU
		{FA53BCBA-B478-45D3-AEC8-A5346192D78B}.Debug|Any CPU.ActiveCfg = Debug|Any CPU
		{FA53BCBA-B478-45D3-AEC8-A5346192D78B}.Debug|Any CPU.Build.0 = Debug|Any CPU
		{FA53BCBA-B478-45D3-AEC8-A5346192D78B}.Release|Any CPU.ActiveCfg = Release|Any CPU
		{FA53BCBA-B478-45D3-AEC8-A5346192D78B}.Release|Any CPU.Build.0 = Release|Any CPU
	EndGlobalSection
	GlobalSection(SolutionProperties) = preSolution
		HideSolutionNode = FALSE
	EndGlobalSection
	GlobalSection(ExtensibilityGlobals) = postSolution
		SolutionGuid = {A20B738A-847E-46C6-A432-7594AE47B530}
	EndGlobalSection
EndGlobal
